
Microsoft Visual Studio Solution File, Format Version 12.00
# Visual Studio Version 17
VisualStudioVersion = 17.5.33627.172
MinimumVisualStudioVersion = 10.0.40219.1
Project("{FAE04EC0-301F-11D3-BF4B-00C04F79EFBC}") = "oop_6", "oop_6.csproj", "{3857D9ED-09A2-4AD6-BB3F-FB763014AFE9}"
EndProject
Global
	GlobalSection(SolutionConfigurationPlatforms) = preSolution
		Debug|Any CPU = Debug|Any CPU
		Release|Any CPU = Release|Any CPU
	EndGlobalSection
	GlobalSection(ProjectConfigurationPlatforms) = postSolution
		{3857D9ED-09A2-4AD6-BB3F-FB763014AFE9}.Debug|Any CPU.ActiveCfg = Debug|Any CPU
		{3857D9ED-09A2-4AD6-BB3F-FB763014AFE9}.Debug|Any CPU.Build.0 = Debug|Any CPU
		{3857D9ED-09A2-4AD6-BB3F-FB763014AFE9}.Release|Any CPU.ActiveCfg = Release|Any CPU
		{3857D9ED-09A2-4AD6-BB3F-FB763014AFE9}.Release|Any CPU.Build.0 = Release|Any CPU
	EndGlobalSection
	GlobalSection(SolutionProperties) = preSolution
		HideSolutionNode = FALSE
	EndGlobalSection
	GlobalSection(ExtensibilityGlobals) = postSolution
		SolutionGuid = {7F90AA36-C278-4D91-9863-E7BE662D0EF9}
	EndGlobalSection
EndGlobal
