
Microsoft Visual Studio Solution File, Format Version 12.00
# Visual Studio Version 17
VisualStudioVersion = 17.5.33627.172
MinimumVisualStudioVersion = 10.0.40219.1
Project("{FAE04EC0-301F-11D3-BF4B-00C04F79EFBC}") = "builder_pattern", "builder_pattern.csproj", "{29BBA1BA-44E2-49B0-85F9-D6487AD40762}"
EndProject
Project("{2150E333-8FDC-42A3-9474-1A3956D46DE8}") = "Элементы решения", "Элементы решения", "{D43EA50D-3C50-4810-AA0E-A9B1BDC6F811}"
	ProjectSection(SolutionItems) = preProject
		House.cs = House.cs
		Person.cs = Person.cs
	EndProjectSection
EndProject
Global
	GlobalSection(SolutionConfigurationPlatforms) = preSolution
		Debug|Any CPU = Debug|Any CPU
		Release|Any CPU = Release|Any CPU
	EndGlobalSection
	GlobalSection(ProjectConfigurationPlatforms) = postSolution
		{29BBA1BA-44E2-49B0-85F9-D6487AD40762}.Debug|Any CPU.ActiveCfg = Debug|Any CPU
		{29BBA1BA-44E2-49B0-85F9-D6487AD40762}.Debug|Any CPU.Build.0 = Debug|Any CPU
		{29BBA1BA-44E2-49B0-85F9-D6487AD40762}.Release|Any CPU.ActiveCfg = Release|Any CPU
		{29BBA1BA-44E2-49B0-85F9-D6487AD40762}.Release|Any CPU.Build.0 = Release|Any CPU
	EndGlobalSection
	GlobalSection(SolutionProperties) = preSolution
		HideSolutionNode = FALSE
	EndGlobalSection
	GlobalSection(ExtensibilityGlobals) = postSolution
		SolutionGuid = {421226B4-26D6-4435-8867-1EF4623ED9CE}
	EndGlobalSection
EndGlobal
